
Microsoft Visual Studio Solution File, Format Version 12.00
# Visual Studio Version 17
VisualStudioVersion = 17.1.32210.238
MinimumVisualStudioVersion = 10.0.40219.1
Project("{9A19103F-16F7-4668-BE54-9A1E7A4F7556}") = "Samples", "Samples\Samples.csproj", "{77A7A492-AA13-4C2A-BE3C-73DCF4AF6F98}"
EndProject
Project("{FAE04EC0-301F-11D3-BF4B-00C04F79EFBC}") = "ImageProcessorLib", "ImageProcessorLib\ImageProcessorLib.csproj", "{9432FF5A-ABBC-45A3-8879-0DFACC29BDBC}"
EndProject
Global
	GlobalSection(SolutionConfigurationPlatforms) = preSolution
		Debug|Any CPU = Debug|Any CPU
		Release|Any CPU = Release|Any CPU
	EndGlobalSection
	GlobalSection(ProjectConfigurationPlatforms) = postSolution
		{77A7A492-AA13-4C2A-BE3C-73DCF4AF6F98}.Debug|Any CPU.ActiveCfg = Debug|Any CPU
		{77A7A492-AA13-4C2A-BE3C-73DCF4AF6F98}.Debug|Any CPU.Build.0 = Debug|Any CPU
		{77A7A492-AA13-4C2A-BE3C-73DCF4AF6F98}.Release|Any CPU.ActiveCfg = Release|Any CPU
		{77A7A492-AA13-4C2A-BE3C-73DCF4AF6F98}.Release|Any CPU.Build.0 = Release|Any CPU
		{9432FF5A-ABBC-45A3-8879-0DFACC29BDBC}.Debug|Any CPU.ActiveCfg = Debug|Any CPU
		{9432FF5A-ABBC-45A3-8879-0DFACC29BDBC}.Debug|Any CPU.Build.0 = Debug|Any CPU
		{9432FF5A-ABBC-45A3-8879-0DFACC29BDBC}.Release|Any CPU.ActiveCfg = Release|Any CPU
		{9432FF5A-ABBC-45A3-8879-0DFACC29BDBC}.Release|Any CPU.Build.0 = Release|Any CPU
	EndGlobalSection
	GlobalSection(SolutionProperties) = preSolution
		HideSolutionNode = FALSE
	EndGlobalSection
	GlobalSection(ExtensibilityGlobals) = postSolution
		SolutionGuid = {90536147-2B7C-465B-98AD-339BFA56565C}
	EndGlobalSection
EndGlobal
